
Microsoft Visual Studio Solution File, Format Version 12.00
# Visual Studio Version 16
VisualStudioVersion = 16.0.28922.388
MinimumVisualStudioVersion = 10.0.40219.1
Project("{FAE04EC0-301F-11D3-BF4B-00C04F79EFBC}") = "SalesWebMvc", "SalesWebMvc\SalesWebMvc.csproj", "{8E14EEF4-BFAC-4DDA-88F2-999AB567AE08}"
EndProject
Global
	GlobalSection(SolutionConfigurationPlatforms) = preSolution
		Debug|Any CPU = Debug|Any CPU
		Release|Any CPU = Release|Any CPU
	EndGlobalSection
	GlobalSection(ProjectConfigurationPlatforms) = postSolution
		{8E14EEF4-BFAC-4DDA-88F2-999AB567AE08}.Debug|Any CPU.ActiveCfg = Debug|Any CPU
		{8E14EEF4-BFAC-4DDA-88F2-999AB567AE08}.Debug|Any CPU.Build.0 = Debug|Any CPU
		{8E14EEF4-BFAC-4DDA-88F2-999AB567AE08}.Release|Any CPU.ActiveCfg = Release|Any CPU
		{8E14EEF4-BFAC-4DDA-88F2-999AB567AE08}.Release|Any CPU.Build.0 = Release|Any CPU
	EndGlobalSection
	GlobalSection(SolutionProperties) = preSolution
		HideSolutionNode = FALSE
	EndGlobalSection
	GlobalSection(ExtensibilityGlobals) = postSolution
		SolutionGuid = {F633BB58-8A50-4D0A-AB93-6E89C1157041}
	EndGlobalSection
EndGlobal
